
Microsoft Visual Studio Solution File, Format Version 12.00
# Visual Studio 14
VisualStudioVersion = 14.0.25420.1
MinimumVisualStudioVersion = 10.0.40219.1
Project("{FAE04EC0-301F-11D3-BF4B-00C04F79EFBC}") = "Contracts", "Contracts\Contracts.csproj", "{C310446D-5EB0-4255-8542-220279C04348}"
EndProject
Project("{FAE04EC0-301F-11D3-BF4B-00C04F79EFBC}") = "Api", "Api\Api.csproj", "{ABAFDC52-76DB-4314-A367-F16FC8CBC94D}"
EndProject
Project("{FAE04EC0-301F-11D3-BF4B-00C04F79EFBC}") = "Consumer", "Consumer\Consumer.csproj", "{1087A1B5-991A-4B77-A3AC-A0F27413FAF0}"
EndProject
Project("{FAE04EC0-301F-11D3-BF4B-00C04F79EFBC}") = "Web", "Web\Web.csproj", "{441898AB-7684-42B7-80BE-0DF382794DFE}"
EndProject
Global
	GlobalSection(SolutionConfigurationPlatforms) = preSolution
		Debug|Any CPU = Debug|Any CPU
		Release|Any CPU = Release|Any CPU
	EndGlobalSection
	GlobalSection(ProjectConfigurationPlatforms) = postSolution
		{C310446D-5EB0-4255-8542-220279C04348}.Debug|Any CPU.ActiveCfg = Debug|Any CPU
		{C310446D-5EB0-4255-8542-220279C04348}.Debug|Any CPU.Build.0 = Debug|Any CPU
		{C310446D-5EB0-4255-8542-220279C04348}.Release|Any CPU.ActiveCfg = Release|Any CPU
		{C310446D-5EB0-4255-8542-220279C04348}.Release|Any CPU.Build.0 = Release|Any CPU
		{ABAFDC52-76DB-4314-A367-F16FC8CBC94D}.Debug|Any CPU.ActiveCfg = Debug|Any CPU
		{ABAFDC52-76DB-4314-A367-F16FC8CBC94D}.Debug|Any CPU.Build.0 = Debug|Any CPU
		{ABAFDC52-76DB-4314-A367-F16FC8CBC94D}.Release|Any CPU.ActiveCfg = Release|Any CPU
		{ABAFDC52-76DB-4314-A367-F16FC8CBC94D}.Release|Any CPU.Build.0 = Release|Any CPU
		{1087A1B5-991A-4B77-A3AC-A0F27413FAF0}.Debug|Any CPU.ActiveCfg = Debug|Any CPU
		{1087A1B5-991A-4B77-A3AC-A0F27413FAF0}.Debug|Any CPU.Build.0 = Debug|Any CPU
		{1087A1B5-991A-4B77-A3AC-A0F27413FAF0}.Release|Any CPU.ActiveCfg = Release|Any CPU
		{1087A1B5-991A-4B77-A3AC-A0F27413FAF0}.Release|Any CPU.Build.0 = Release|Any CPU
		{441898AB-7684-42B7-80BE-0DF382794DFE}.Debug|Any CPU.ActiveCfg = Debug|Any CPU
		{441898AB-7684-42B7-80BE-0DF382794DFE}.Debug|Any CPU.Build.0 = Debug|Any CPU
		{441898AB-7684-42B7-80BE-0DF382794DFE}.Release|Any CPU.ActiveCfg = Release|Any CPU
		{441898AB-7684-42B7-80BE-0DF382794DFE}.Release|Any CPU.Build.0 = Release|Any CPU
	EndGlobalSection
	GlobalSection(SolutionProperties) = preSolution
		HideSolutionNode = FALSE
	EndGlobalSection
EndGlobal
